
Microsoft Visual Studio Solution File, Format Version 12.00
# Visual Studio 15
VisualStudioVersion = 15.0.28010.2048
MinimumVisualStudioVersion = 10.0.40219.1
Project("{FAE04EC0-301F-11D3-BF4B-00C04F79EFBC}") = "Delegate", "Delegate\Delegate.csproj", "{015459DF-4E79-44D9-9546-0911AF639771}"
EndProject
Global
	GlobalSection(SolutionConfigurationPlatforms) = preSolution
		Debug|Any CPU = Debug|Any CPU
		Release|Any CPU = Release|Any CPU
	EndGlobalSection
	GlobalSection(ProjectConfigurationPlatforms) = postSolution
		{015459DF-4E79-44D9-9546-0911AF639771}.Debug|Any CPU.ActiveCfg = Debug|Any CPU
		{015459DF-4E79-44D9-9546-0911AF639771}.Debug|Any CPU.Build.0 = Debug|Any CPU
		{015459DF-4E79-44D9-9546-0911AF639771}.Release|Any CPU.ActiveCfg = Release|Any CPU
		{015459DF-4E79-44D9-9546-0911AF639771}.Release|Any CPU.Build.0 = Release|Any CPU
	EndGlobalSection
	GlobalSection(SolutionProperties) = preSolution
		HideSolutionNode = FALSE
	EndGlobalSection
	GlobalSection(ExtensibilityGlobals) = postSolution
		SolutionGuid = {F08F58FC-1160-4CE4-BE5E-3F7443C65DE4}
	EndGlobalSection
EndGlobal
